
Microsoft Visual Studio Solution File, Format Version 12.00
# Visual Studio Version 16
VisualStudioVersion = 16.0.30711.63
MinimumVisualStudioVersion = 10.0.40219.1
Project("{FAE04EC0-301F-11D3-BF4B-00C04F79EFBC}") = "Unibim.Melanom.WebUI", "Unibim.Melanom.WebUI\Unibim.Melanom.WebUI.csproj", "{B315ED6B-1A85-4F32-B8E6-F58956B9EACD}"
EndProject
Project("{2150E333-8FDC-42A3-9474-1A3956D46DE8}") = "Data", "Data", "{315F725C-20CC-4DD0-895B-D1A91BFC4257}"
EndProject
Project("{FAE04EC0-301F-11D3-BF4B-00C04F79EFBC}") = "Unibim.Data.Model", "Unibim.Data.Model\Unibim.Data.Model.csproj", "{18353E80-1289-4955-A361-5C37E6A380A0}"
EndProject
Global
	GlobalSection(SolutionConfigurationPlatforms) = preSolution
		Debug|Any CPU = Debug|Any CPU
		Release|Any CPU = Release|Any CPU
	EndGlobalSection
	GlobalSection(ProjectConfigurationPlatforms) = postSolution
		{B315ED6B-1A85-4F32-B8E6-F58956B9EACD}.Debug|Any CPU.ActiveCfg = Debug|Any CPU
		{B315ED6B-1A85-4F32-B8E6-F58956B9EACD}.Debug|Any CPU.Build.0 = Debug|Any CPU
		{B315ED6B-1A85-4F32-B8E6-F58956B9EACD}.Release|Any CPU.ActiveCfg = Release|Any CPU
		{B315ED6B-1A85-4F32-B8E6-F58956B9EACD}.Release|Any CPU.Build.0 = Release|Any CPU
		{18353E80-1289-4955-A361-5C37E6A380A0}.Debug|Any CPU.ActiveCfg = Debug|Any CPU
		{18353E80-1289-4955-A361-5C37E6A380A0}.Debug|Any CPU.Build.0 = Debug|Any CPU
		{18353E80-1289-4955-A361-5C37E6A380A0}.Release|Any CPU.ActiveCfg = Release|Any CPU
		{18353E80-1289-4955-A361-5C37E6A380A0}.Release|Any CPU.Build.0 = Release|Any CPU
	EndGlobalSection
	GlobalSection(SolutionProperties) = preSolution
		HideSolutionNode = FALSE
	EndGlobalSection
	GlobalSection(NestedProjects) = preSolution
		{18353E80-1289-4955-A361-5C37E6A380A0} = {315F725C-20CC-4DD0-895B-D1A91BFC4257}
	EndGlobalSection
	GlobalSection(ExtensibilityGlobals) = postSolution
		SolutionGuid = {B922C4C2-D122-4E13-A98D-E2542B224795}
	EndGlobalSection
EndGlobal
